
Microsoft Visual Studio Solution File, Format Version 12.00
# Visual Studio 2012
Project("{FAE04EC0-301F-11D3-BF4B-00C04F79EFBC}") = "GameOfLife.Contracts", "GameOfLife.Contracts\GameOfLife.Contracts.csproj", "{B4DA1C85-1BF5-45DE-BEC6-3F53B976477C}"
EndProject
Project("{2150E333-8FDC-42A3-9474-1A3956D46DE8}") = "Presentation", "Presentation", "{7946BFB3-3D22-4441-96A9-E3BCF18EACEF}"
EndProject
Project("{2150E333-8FDC-42A3-9474-1A3956D46DE8}") = "Solution Items", "Solution Items", "{C3C15937-9740-4B0A-9A93-B70F47FE9207}"
	ProjectSection(SolutionItems) = preProject
		GameOfLife.vsmdi = GameOfLife.vsmdi
		Local.testsettings = Local.testsettings
		Rules.txt = Rules.txt
		TraceAndTestImpact.testsettings = TraceAndTestImpact.testsettings
	EndProjectSection
EndProject
Project("{FAE04EC0-301F-11D3-BF4B-00C04F79EFBC}") = "GameOfLife.Test", "GameOfLife.Test\GameOfLife.Test.csproj", "{DF5A39C7-39A7-432E-A362-4A0922D428EB}"
EndProject
Project("{FAE04EC0-301F-11D3-BF4B-00C04F79EFBC}") = "GameOfLife.Common", "GameOfLife.Common\GameOfLife.Common.csproj", "{A4D9ACB7-3E67-4E75-A3F2-5DED3492CD9D}"
EndProject
Project("{FAE04EC0-301F-11D3-BF4B-00C04F79EFBC}") = "GameOfLife.Models", "GameOfLife.Models\GameOfLife.Models.csproj", "{E6B3656E-6B84-4ECF-B584-AA3CCFA6D0A9}"
EndProject
Project("{2150E333-8FDC-42A3-9474-1A3956D46DE8}") = "Infrastructure", "Infrastructure", "{EA33B18A-6AF3-4850-BE39-358CB9F0D45D}"
EndProject
Project("{FAE04EC0-301F-11D3-BF4B-00C04F79EFBC}") = "GameOfLife.Data", "GameOfLife.Data\GameOfLife.Data.csproj", "{6821BB0D-1520-4A8D-B02F-4FADFD2B11F2}"
EndProject
Project("{FAE04EC0-301F-11D3-BF4B-00C04F79EFBC}") = "DataAccess.Specification", "DataAccess.Specification\DataAccess.Specification.csproj", "{71E258D4-55FB-4A9D-B62B-2FEE02A953A1}"
EndProject
Project("{2150E333-8FDC-42A3-9474-1A3956D46DE8}") = "Console", "Console", "{C7CAE24A-B0E8-46D6-B02E-E6EBC1ABAD2B}"
EndProject
Project("{FAE04EC0-301F-11D3-BF4B-00C04F79EFBC}") = "GameOfLife.Console", "GameOfLife.Console\GameOfLife.Console.csproj", "{55E8BD85-FD4E-4FFB-8717-98E26003652C}"
EndProject
Project("{2150E333-8FDC-42A3-9474-1A3956D46DE8}") = "Tests", "Tests", "{7ACEA548-C483-49C6-AB62-38BA3E16351C}"
EndProject
Project("{2150E333-8FDC-42A3-9474-1A3956D46DE8}") = "Core", "Core", "{950AAEA9-69FA-4EDD-A740-A493CDD1B71E}"
EndProject
Project("{FAE04EC0-301F-11D3-BF4B-00C04F79EFBC}") = "GameOfLife.Logging", "GameofLife.Logging\GameOfLife.Logging.csproj", "{8FDF77B4-B482-42CA-828E-0B842B6C65BC}"
EndProject
Project("{FAE04EC0-301F-11D3-BF4B-00C04F79EFBC}") = "GameOfLife.Core", "GameOfLife.Core\GameOfLife.Core.csproj", "{D9ACE93F-55D6-4083-8B8C-32539D59469D}"
EndProject
Global
	GlobalSection(TestCaseManagementSettings) = postSolution
		CategoryFile = GameOfLife.vsmdi
	EndGlobalSection
	GlobalSection(SolutionConfigurationPlatforms) = preSolution
		Debug|Any CPU = Debug|Any CPU
		Dev|Any CPU = Dev|Any CPU
		QA|Any CPU = QA|Any CPU
		Release|Any CPU = Release|Any CPU
	EndGlobalSection
	GlobalSection(ProjectConfigurationPlatforms) = postSolution
		{B4DA1C85-1BF5-45DE-BEC6-3F53B976477C}.Debug|Any CPU.ActiveCfg = Debug|Any CPU
		{B4DA1C85-1BF5-45DE-BEC6-3F53B976477C}.Debug|Any CPU.Build.0 = Debug|Any CPU
		{B4DA1C85-1BF5-45DE-BEC6-3F53B976477C}.Dev|Any CPU.ActiveCfg = Debug|Any CPU
		{B4DA1C85-1BF5-45DE-BEC6-3F53B976477C}.Dev|Any CPU.Build.0 = Debug|Any CPU
		{B4DA1C85-1BF5-45DE-BEC6-3F53B976477C}.QA|Any CPU.ActiveCfg = Release|Any CPU
		{B4DA1C85-1BF5-45DE-BEC6-3F53B976477C}.QA|Any CPU.Build.0 = Release|Any CPU
		{B4DA1C85-1BF5-45DE-BEC6-3F53B976477C}.Release|Any CPU.ActiveCfg = Release|Any CPU
		{B4DA1C85-1BF5-45DE-BEC6-3F53B976477C}.Release|Any CPU.Build.0 = Release|Any CPU
		{DF5A39C7-39A7-432E-A362-4A0922D428EB}.Debug|Any CPU.ActiveCfg = Debug|Any CPU
		{DF5A39C7-39A7-432E-A362-4A0922D428EB}.Debug|Any CPU.Build.0 = Debug|Any CPU
		{DF5A39C7-39A7-432E-A362-4A0922D428EB}.Dev|Any CPU.ActiveCfg = Debug|Any CPU
		{DF5A39C7-39A7-432E-A362-4A0922D428EB}.Dev|Any CPU.Build.0 = Debug|Any CPU
		{DF5A39C7-39A7-432E-A362-4A0922D428EB}.QA|Any CPU.ActiveCfg = Release|Any CPU
		{DF5A39C7-39A7-432E-A362-4A0922D428EB}.QA|Any CPU.Build.0 = Release|Any CPU
		{DF5A39C7-39A7-432E-A362-4A0922D428EB}.Release|Any CPU.ActiveCfg = Release|Any CPU
		{DF5A39C7-39A7-432E-A362-4A0922D428EB}.Release|Any CPU.Build.0 = Release|Any CPU
		{A4D9ACB7-3E67-4E75-A3F2-5DED3492CD9D}.Debug|Any CPU.ActiveCfg = Debug|Any CPU
		{A4D9ACB7-3E67-4E75-A3F2-5DED3492CD9D}.Debug|Any CPU.Build.0 = Debug|Any CPU
		{A4D9ACB7-3E67-4E75-A3F2-5DED3492CD9D}.Dev|Any CPU.ActiveCfg = Debug|Any CPU
		{A4D9ACB7-3E67-4E75-A3F2-5DED3492CD9D}.Dev|Any CPU.Build.0 = Debug|Any CPU
		{A4D9ACB7-3E67-4E75-A3F2-5DED3492CD9D}.QA|Any CPU.ActiveCfg = Release|Any CPU
		{A4D9ACB7-3E67-4E75-A3F2-5DED3492CD9D}.QA|Any CPU.Build.0 = Release|Any CPU
		{A4D9ACB7-3E67-4E75-A3F2-5DED3492CD9D}.Release|Any CPU.ActiveCfg = Release|Any CPU
		{A4D9ACB7-3E67-4E75-A3F2-5DED3492CD9D}.Release|Any CPU.Build.0 = Release|Any CPU
		{E6B3656E-6B84-4ECF-B584-AA3CCFA6D0A9}.Debug|Any CPU.ActiveCfg = Debug|Any CPU
		{E6B3656E-6B84-4ECF-B584-AA3CCFA6D0A9}.Debug|Any CPU.Build.0 = Debug|Any CPU
		{E6B3656E-6B84-4ECF-B584-AA3CCFA6D0A9}.Dev|Any CPU.ActiveCfg = Debug|Any CPU
		{E6B3656E-6B84-4ECF-B584-AA3CCFA6D0A9}.Dev|Any CPU.Build.0 = Debug|Any CPU
		{E6B3656E-6B84-4ECF-B584-AA3CCFA6D0A9}.QA|Any CPU.ActiveCfg = Release|Any CPU
		{E6B3656E-6B84-4ECF-B584-AA3CCFA6D0A9}.QA|Any CPU.Build.0 = Release|Any CPU
		{E6B3656E-6B84-4ECF-B584-AA3CCFA6D0A9}.Release|Any CPU.ActiveCfg = Release|Any CPU
		{E6B3656E-6B84-4ECF-B584-AA3CCFA6D0A9}.Release|Any CPU.Build.0 = Release|Any CPU
		{6821BB0D-1520-4A8D-B02F-4FADFD2B11F2}.Debug|Any CPU.ActiveCfg = Debug|Any CPU
		{6821BB0D-1520-4A8D-B02F-4FADFD2B11F2}.Debug|Any CPU.Build.0 = Debug|Any CPU
		{6821BB0D-1520-4A8D-B02F-4FADFD2B11F2}.Dev|Any CPU.ActiveCfg = Debug|Any CPU
		{6821BB0D-1520-4A8D-B02F-4FADFD2B11F2}.Dev|Any CPU.Build.0 = Debug|Any CPU
		{6821BB0D-1520-4A8D-B02F-4FADFD2B11F2}.QA|Any CPU.ActiveCfg = Release|Any CPU
		{6821BB0D-1520-4A8D-B02F-4FADFD2B11F2}.QA|Any CPU.Build.0 = Release|Any CPU
		{6821BB0D-1520-4A8D-B02F-4FADFD2B11F2}.Release|Any CPU.ActiveCfg = Release|Any CPU
		{6821BB0D-1520-4A8D-B02F-4FADFD2B11F2}.Release|Any CPU.Build.0 = Release|Any CPU
		{71E258D4-55FB-4A9D-B62B-2FEE02A953A1}.Debug|Any CPU.ActiveCfg = Debug|Any CPU
		{71E258D4-55FB-4A9D-B62B-2FEE02A953A1}.Debug|Any CPU.Build.0 = Debug|Any CPU
		{71E258D4-55FB-4A9D-B62B-2FEE02A953A1}.Dev|Any CPU.ActiveCfg = Debug|Any CPU
		{71E258D4-55FB-4A9D-B62B-2FEE02A953A1}.Dev|Any CPU.Build.0 = Debug|Any CPU
		{71E258D4-55FB-4A9D-B62B-2FEE02A953A1}.QA|Any CPU.ActiveCfg = Release|Any CPU
		{71E258D4-55FB-4A9D-B62B-2FEE02A953A1}.QA|Any CPU.Build.0 = Release|Any CPU
		{71E258D4-55FB-4A9D-B62B-2FEE02A953A1}.Release|Any CPU.ActiveCfg = Release|Any CPU
		{71E258D4-55FB-4A9D-B62B-2FEE02A953A1}.Release|Any CPU.Build.0 = Release|Any CPU
		{55E8BD85-FD4E-4FFB-8717-98E26003652C}.Debug|Any CPU.ActiveCfg = Debug|Any CPU
		{55E8BD85-FD4E-4FFB-8717-98E26003652C}.Debug|Any CPU.Build.0 = Debug|Any CPU
		{55E8BD85-FD4E-4FFB-8717-98E26003652C}.Dev|Any CPU.ActiveCfg = Debug|Any CPU
		{55E8BD85-FD4E-4FFB-8717-98E26003652C}.Dev|Any CPU.Build.0 = Debug|Any CPU
		{55E8BD85-FD4E-4FFB-8717-98E26003652C}.QA|Any CPU.ActiveCfg = Release|Any CPU
		{55E8BD85-FD4E-4FFB-8717-98E26003652C}.QA|Any CPU.Build.0 = Release|Any CPU
		{55E8BD85-FD4E-4FFB-8717-98E26003652C}.Release|Any CPU.ActiveCfg = Release|Any CPU
		{55E8BD85-FD4E-4FFB-8717-98E26003652C}.Release|Any CPU.Build.0 = Release|Any CPU
		{8FDF77B4-B482-42CA-828E-0B842B6C65BC}.Debug|Any CPU.ActiveCfg = Debug|Any CPU
		{8FDF77B4-B482-42CA-828E-0B842B6C65BC}.Debug|Any CPU.Build.0 = Debug|Any CPU
		{8FDF77B4-B482-42CA-828E-0B842B6C65BC}.Dev|Any CPU.ActiveCfg = Dev|Any CPU
		{8FDF77B4-B482-42CA-828E-0B842B6C65BC}.Dev|Any CPU.Build.0 = Dev|Any CPU
		{8FDF77B4-B482-42CA-828E-0B842B6C65BC}.QA|Any CPU.ActiveCfg = QA|Any CPU
		{8FDF77B4-B482-42CA-828E-0B842B6C65BC}.QA|Any CPU.Build.0 = QA|Any CPU
		{8FDF77B4-B482-42CA-828E-0B842B6C65BC}.Release|Any CPU.ActiveCfg = Release|Any CPU
		{8FDF77B4-B482-42CA-828E-0B842B6C65BC}.Release|Any CPU.Build.0 = Release|Any CPU
		{D9ACE93F-55D6-4083-8B8C-32539D59469D}.Debug|Any CPU.ActiveCfg = Debug|Any CPU
		{D9ACE93F-55D6-4083-8B8C-32539D59469D}.Debug|Any CPU.Build.0 = Debug|Any CPU
		{D9ACE93F-55D6-4083-8B8C-32539D59469D}.Dev|Any CPU.ActiveCfg = Debug|Any CPU
		{D9ACE93F-55D6-4083-8B8C-32539D59469D}.Dev|Any CPU.Build.0 = Debug|Any CPU
		{D9ACE93F-55D6-4083-8B8C-32539D59469D}.QA|Any CPU.ActiveCfg = Release|Any CPU
		{D9ACE93F-55D6-4083-8B8C-32539D59469D}.QA|Any CPU.Build.0 = Release|Any CPU
		{D9ACE93F-55D6-4083-8B8C-32539D59469D}.Release|Any CPU.ActiveCfg = Release|Any CPU
		{D9ACE93F-55D6-4083-8B8C-32539D59469D}.Release|Any CPU.Build.0 = Release|Any CPU
	EndGlobalSection
	GlobalSection(SolutionProperties) = preSolution
		HideSolutionNode = FALSE
	EndGlobalSection
	GlobalSection(NestedProjects) = preSolution
		{A4D9ACB7-3E67-4E75-A3F2-5DED3492CD9D} = {950AAEA9-69FA-4EDD-A740-A493CDD1B71E}
		{E6B3656E-6B84-4ECF-B584-AA3CCFA6D0A9} = {950AAEA9-69FA-4EDD-A740-A493CDD1B71E}
		{6821BB0D-1520-4A8D-B02F-4FADFD2B11F2} = {950AAEA9-69FA-4EDD-A740-A493CDD1B71E}
		{B4DA1C85-1BF5-45DE-BEC6-3F53B976477C} = {950AAEA9-69FA-4EDD-A740-A493CDD1B71E}
		{D9ACE93F-55D6-4083-8B8C-32539D59469D} = {950AAEA9-69FA-4EDD-A740-A493CDD1B71E}
		{C7CAE24A-B0E8-46D6-B02E-E6EBC1ABAD2B} = {7946BFB3-3D22-4441-96A9-E3BCF18EACEF}
		{DF5A39C7-39A7-432E-A362-4A0922D428EB} = {7ACEA548-C483-49C6-AB62-38BA3E16351C}
		{71E258D4-55FB-4A9D-B62B-2FEE02A953A1} = {EA33B18A-6AF3-4850-BE39-358CB9F0D45D}
		{8FDF77B4-B482-42CA-828E-0B842B6C65BC} = {EA33B18A-6AF3-4850-BE39-358CB9F0D45D}
		{55E8BD85-FD4E-4FFB-8717-98E26003652C} = {C7CAE24A-B0E8-46D6-B02E-E6EBC1ABAD2B}
	EndGlobalSection
EndGlobal
